
Microsoft Visual Studio Solution File, Format Version 12.00
# Visual Studio Version 17
VisualStudioVersion = 17.14.36603.0
MinimumVisualStudioVersion = 10.0.40219.1
Project("{FAE04EC0-301F-11D3-BF4B-00C04F79EFBC}") = "LoopsAndStrings", "LoopsAndStrings\LoopsAndStrings.csproj", "{699F80A6-A6C2-438C-AC3E-A5657875C5A4}"
EndProject
Project("{FAE04EC0-301F-11D3-BF4B-00C04F79EFBC}") = "LoopsAndStrings.Helpers", "LoopsAndStrings.Helpers\LoopsAndStrings.Helpers.csproj", "{02F54679-5A6B-4B65-B4CA-5A6239C20B8C}"
EndProject
Project("{FAE04EC0-301F-11D3-BF4B-00C04F79EFBC}") = "LoopsAndStrings.Utilities", "LoopsAndStrings.Utilities\LoopsAndStrings.Utilities.csproj", "{18469FE0-5CC5-40DB-9820-94688746E433}"
EndProject
Project("{FAE04EC0-301F-11D3-BF4B-00C04F79EFBC}") = "LoopsAndStrings.Tests", "LoopsAndStrings.Tests\LoopsAndStrings.Tests.csproj", "{15BAD8CB-7F31-43AA-B223-D805945E99F1}"
EndProject
Global
	GlobalSection(SolutionConfigurationPlatforms) = preSolution
		Debug|Any CPU = Debug|Any CPU
		Release|Any CPU = Release|Any CPU
	EndGlobalSection
	GlobalSection(ProjectConfigurationPlatforms) = postSolution
		{699F80A6-A6C2-438C-AC3E-A5657875C5A4}.Debug|Any CPU.ActiveCfg = Debug|Any CPU
		{699F80A6-A6C2-438C-AC3E-A5657875C5A4}.Debug|Any CPU.Build.0 = Debug|Any CPU
		{699F80A6-A6C2-438C-AC3E-A5657875C5A4}.Release|Any CPU.ActiveCfg = Release|Any CPU
		{699F80A6-A6C2-438C-AC3E-A5657875C5A4}.Release|Any CPU.Build.0 = Release|Any CPU
		{02F54679-5A6B-4B65-B4CA-5A6239C20B8C}.Debug|Any CPU.ActiveCfg = Debug|Any CPU
		{02F54679-5A6B-4B65-B4CA-5A6239C20B8C}.Debug|Any CPU.Build.0 = Debug|Any CPU
		{02F54679-5A6B-4B65-B4CA-5A6239C20B8C}.Release|Any CPU.ActiveCfg = Release|Any CPU
		{02F54679-5A6B-4B65-B4CA-5A6239C20B8C}.Release|Any CPU.Build.0 = Release|Any CPU
		{18469FE0-5CC5-40DB-9820-94688746E433}.Debug|Any CPU.ActiveCfg = Debug|Any CPU
		{18469FE0-5CC5-40DB-9820-94688746E433}.Debug|Any CPU.Build.0 = Debug|Any CPU
		{18469FE0-5CC5-40DB-9820-94688746E433}.Release|Any CPU.ActiveCfg = Release|Any CPU
		{18469FE0-5CC5-40DB-9820-94688746E433}.Release|Any CPU.Build.0 = Release|Any CPU
		{15BAD8CB-7F31-43AA-B223-D805945E99F1}.Debug|Any CPU.ActiveCfg = Debug|Any CPU
		{15BAD8CB-7F31-43AA-B223-D805945E99F1}.Debug|Any CPU.Build.0 = Debug|Any CPU
		{15BAD8CB-7F31-43AA-B223-D805945E99F1}.Release|Any CPU.ActiveCfg = Release|Any CPU
		{15BAD8CB-7F31-43AA-B223-D805945E99F1}.Release|Any CPU.Build.0 = Release|Any CPU
	EndGlobalSection
	GlobalSection(SolutionProperties) = preSolution
		HideSolutionNode = FALSE
	EndGlobalSection
	GlobalSection(ExtensibilityGlobals) = postSolution
		SolutionGuid = {E92647A9-A8E8-46D2-A1F7-F4E00B2F62FD}
	EndGlobalSection
EndGlobal
